
Microsoft Visual Studio Solution File, Format Version 12.00
# Visual Studio Version 17
VisualStudioVersion = 17.6.33829.357
MinimumVisualStudioVersion = 10.0.40219.1
Project("{FAE04EC0-301F-11D3-BF4B-00C04F79EFBC}") = "LabCrudArr", "LabCrudArr\LabCrudArr.csproj", "{361FEFF7-35C8-4F45-A3F6-16D65DD9D2F9}"
EndProject
Global
	GlobalSection(SolutionConfigurationPlatforms) = preSolution
		Debug|Any CPU = Debug|Any CPU
		Release|Any CPU = Release|Any CPU
	EndGlobalSection
	GlobalSection(ProjectConfigurationPlatforms) = postSolution
		{361FEFF7-35C8-4F45-A3F6-16D65DD9D2F9}.Debug|Any CPU.ActiveCfg = Debug|Any CPU
		{361FEFF7-35C8-4F45-A3F6-16D65DD9D2F9}.Debug|Any CPU.Build.0 = Debug|Any CPU
		{361FEFF7-35C8-4F45-A3F6-16D65DD9D2F9}.Release|Any CPU.ActiveCfg = Release|Any CPU
		{361FEFF7-35C8-4F45-A3F6-16D65DD9D2F9}.Release|Any CPU.Build.0 = Release|Any CPU
	EndGlobalSection
	GlobalSection(SolutionProperties) = preSolution
		HideSolutionNode = FALSE
	EndGlobalSection
	GlobalSection(ExtensibilityGlobals) = postSolution
		SolutionGuid = {94335C16-AED4-42DF-A53D-A2E52344979F}
	EndGlobalSection
EndGlobal
